
Microsoft Visual Studio Solution File, Format Version 12.00
# Visual Studio Version 17
VisualStudioVersion = 17.3.32804.467
MinimumVisualStudioVersion = 10.0.40219.1
Project("{FAE04EC0-301F-11D3-BF4B-00C04F79EFBC}") = "APITestingAutomationFramework", "APITestingAutomationFramework\APITestingAutomationFramework.csproj", "{C9E67F8C-9E6F-467D-A5B2-81AE2B65A38F}"
EndProject
Global
	GlobalSection(SolutionConfigurationPlatforms) = preSolution
		Debug|Any CPU = Debug|Any CPU
		Release|Any CPU = Release|Any CPU
	EndGlobalSection
	GlobalSection(ProjectConfigurationPlatforms) = postSolution
		{C9E67F8C-9E6F-467D-A5B2-81AE2B65A38F}.Debug|Any CPU.ActiveCfg = Debug|Any CPU
		{C9E67F8C-9E6F-467D-A5B2-81AE2B65A38F}.Debug|Any CPU.Build.0 = Debug|Any CPU
		{C9E67F8C-9E6F-467D-A5B2-81AE2B65A38F}.Release|Any CPU.ActiveCfg = Release|Any CPU
		{C9E67F8C-9E6F-467D-A5B2-81AE2B65A38F}.Release|Any CPU.Build.0 = Release|Any CPU
	EndGlobalSection
	GlobalSection(SolutionProperties) = preSolution
		HideSolutionNode = FALSE
	EndGlobalSection
	GlobalSection(ExtensibilityGlobals) = postSolution
		SolutionGuid = {26EACFB9-063F-4CFC-9EB6-ABA59BB6D9DB}
	EndGlobalSection
EndGlobal
